
Microsoft Visual Studio Solution File, Format Version 12.00
# Visual Studio Version 16
VisualStudioVersion = 16.0.31112.23
MinimumVisualStudioVersion = 10.0.40219.1
Project("{FAE04EC0-301F-11D3-BF4B-00C04F79EFBC}") = "DisableAnimals", "DisableAnimals\DisableAnimals.csproj", "{31343A55-8AAF-45A4-9380-ABBA8BC1C95C}"
EndProject
Global
	GlobalSection(SolutionConfigurationPlatforms) = preSolution
		Debug|Any CPU = Debug|Any CPU
		Release|Any CPU = Release|Any CPU
	EndGlobalSection
	GlobalSection(ProjectConfigurationPlatforms) = postSolution
		{31343A55-8AAF-45A4-9380-ABBA8BC1C95C}.Debug|Any CPU.ActiveCfg = Debug|Any CPU
		{31343A55-8AAF-45A4-9380-ABBA8BC1C95C}.Debug|Any CPU.Build.0 = Debug|Any CPU
		{31343A55-8AAF-45A4-9380-ABBA8BC1C95C}.Release|Any CPU.ActiveCfg = Release|Any CPU
		{31343A55-8AAF-45A4-9380-ABBA8BC1C95C}.Release|Any CPU.Build.0 = Release|Any CPU
	EndGlobalSection
	GlobalSection(SolutionProperties) = preSolution
		HideSolutionNode = FALSE
	EndGlobalSection
	GlobalSection(ExtensibilityGlobals) = postSolution
		SolutionGuid = {D1213AA3-19A5-4597-893E-DB2E0689549B}
	EndGlobalSection
EndGlobal
